
Microsoft Visual Studio Solution File, Format Version 12.00
# Visual Studio Version 17
VisualStudioVersion = 17.1.32210.238
MinimumVisualStudioVersion = 10.0.40219.1
Project("{FAE04EC0-301F-11D3-BF4B-00C04F79EFBC}") = "BillingKata", "BillingKata\BillingKata.csproj", "{73035A1D-5E3B-4389-9AA7-9589C120CDF8}"
EndProject
Global
	GlobalSection(SolutionConfigurationPlatforms) = preSolution
		Debug|Any CPU = Debug|Any CPU
		Release|Any CPU = Release|Any CPU
	EndGlobalSection
	GlobalSection(ProjectConfigurationPlatforms) = postSolution
		{73035A1D-5E3B-4389-9AA7-9589C120CDF8}.Debug|Any CPU.ActiveCfg = Debug|Any CPU
		{73035A1D-5E3B-4389-9AA7-9589C120CDF8}.Debug|Any CPU.Build.0 = Debug|Any CPU
		{73035A1D-5E3B-4389-9AA7-9589C120CDF8}.Release|Any CPU.ActiveCfg = Release|Any CPU
		{73035A1D-5E3B-4389-9AA7-9589C120CDF8}.Release|Any CPU.Build.0 = Release|Any CPU
	EndGlobalSection
	GlobalSection(SolutionProperties) = preSolution
		HideSolutionNode = FALSE
	EndGlobalSection
	GlobalSection(ExtensibilityGlobals) = postSolution
		SolutionGuid = {9ED5CBE6-9296-4339-B1C6-124344FAC939}
	EndGlobalSection
EndGlobal
